// !$*UTF8*$!
{
	archiveVersion = 1;
	classes = {
	};
	objectVersion = 55;
	objects = {

/* Begin PBXBuildFile section */
		C1B52909E728DAE2ECBFD777 /* Pods_BroadcastExample.framework in Frameworks */ = {isa = PBXBuildFile; fileRef = 5E8DF24F64614A6E8C3545D2 /* Pods_BroadcastExample.framework */; };
		E6B4BB96C60E8C27C5240866 /* Pods_BroadcastExtension.framework in Frameworks */ = {isa = PBXBuildFile; fileRef = C5A83A16CBCBAEBB4E652C7B /* Pods_BroadcastExtension.framework */; };
		E8C1601F28100A6000995934 /* AppDelegate.swift in Sources */ = {isa = PBXBuildFile; fileRef = E8C1601E28100A6000995934 /* AppDelegate.swift */; };
		E8C1602128100A6000995934 /* SceneDelegate.swift in Sources */ = {isa = PBXBuildFile; fileRef = E8C1602028100A6000995934 /* SceneDelegate.swift */; };
		E8C1602328100A6000995934 /* ViewController.swift in Sources */ = {isa = PBXBuildFile; fileRef = E8C1602228100A6000995934 /* ViewController.swift */; };
		E8C1602628100A6000995934 /* Main.storyboard in Resources */ = {isa = PBXBuildFile; fileRef = E8C1602428100A6000995934 /* Main.storyboard */; };
		E8C1602828100A6300995934 /* Assets.xcassets in Resources */ = {isa = PBXBuildFile; fileRef = E8C1602728100A6300995934 /* Assets.xcassets */; };
		E8C1602B28100A6300995934 /* LaunchScreen.storyboard in Resources */ = {isa = PBXBuildFile; fileRef = E8C1602928100A6300995934 /* LaunchScreen.storyboard */; };
		E8C1603928100B3000995934 /* ReplayKit.framework in Frameworks */ = {isa = PBXBuildFile; fileRef = E8C1603828100B3000995934 /* ReplayKit.framework */; };
		E8C1603C28100B3000995934 /* SampleHandler.swift in Sources */ = {isa = PBXBuildFile; fileRef = E8C1603B28100B3000995934 /* SampleHandler.swift */; };
		E8C1604028100B3000995934 /* BroadcastExtension.appex in Embed App Extensions */ = {isa = PBXBuildFile; fileRef = E8C1603628100B3000995934 /* BroadcastExtension.appex */; settings = {ATTRIBUTES = (RemoveHeadersOnCopy, ); }; };
		E8C1604528100E4800995934 /* ReplayKit.framework in Frameworks */ = {isa = PBXBuildFile; fileRef = E8C1603828100B3000995934 /* ReplayKit.framework */; };
/* End PBXBuildFile section */

/* Begin PBXContainerItemProxy section */
		E8C1603E28100B3000995934 /* PBXContainerItemProxy */ = {
			isa = PBXContainerItemProxy;
			containerPortal = E8C1601328100A6000995934 /* Project object */;
			proxyType = 1;
			remoteGlobalIDString = E8C1603528100B3000995934;
			remoteInfo = BroadcastExtension;
		};
/* End PBXContainerItemProxy section */

/* Begin PBXCopyFilesBuildPhase section */
		E8C1604428100B3000995934 /* Embed App Extensions */ = {
			isa = PBXCopyFilesBuildPhase;
			buildActionMask = 2147483647;
			dstPath = "";
			dstSubfolderSpec = 13;
			files = (
				E8C1604028100B3000995934 /* BroadcastExtension.appex in Embed App Extensions */,
			);
			name = "Embed App Extensions";
			runOnlyForDeploymentPostprocessing = 0;
		};
/* End PBXCopyFilesBuildPhase section */

/* Begin PBXFileReference section */
		5DF5E23BBD87D3D71E8209F3 /* Pods-BroadcastExtension.debug.xcconfig */ = {isa = PBXFileReference; includeInIndex = 1; lastKnownFileType = text.xcconfig; name = "Pods-BroadcastExtension.debug.xcconfig"; path = "Target Support Files/Pods-BroadcastExtension/Pods-BroadcastExtension.debug.xcconfig"; sourceTree = "<group>"; };
		5E8DF24F64614A6E8C3545D2 /* Pods_BroadcastExample.framework */ = {isa = PBXFileReference; explicitFileType = wrapper.framework; includeInIndex = 0; path = Pods_BroadcastExample.framework; sourceTree = BUILT_PRODUCTS_DIR; };
		BEB5680E864D3B6615442D54 /* Pods-BroadcastExample.release.xcconfig */ = {isa = PBXFileReference; includeInIndex = 1; lastKnownFileType = text.xcconfig; name = "Pods-BroadcastExample.release.xcconfig"; path = "Target Support Files/Pods-BroadcastExample/Pods-BroadcastExample.release.xcconfig"; sourceTree = "<group>"; };
		C5A83A16CBCBAEBB4E652C7B /* Pods_BroadcastExtension.framework */ = {isa = PBXFileReference; explicitFileType = wrapper.framework; includeInIndex = 0; path = Pods_BroadcastExtension.framework; sourceTree = BUILT_PRODUCTS_DIR; };
		C899E444261561C88AB25FB8 /* Pods-BroadcastExtension.release.xcconfig */ = {isa = PBXFileReference; includeInIndex = 1; lastKnownFileType = text.xcconfig; name = "Pods-BroadcastExtension.release.xcconfig"; path = "Target Support Files/Pods-BroadcastExtension/Pods-BroadcastExtension.release.xcconfig"; sourceTree = "<group>"; };
		E8C1601B28100A6000995934 /* BroadcastExample.app */ = {isa = PBXFileReference; explicitFileType = wrapper.application; includeInIndex = 0; path = BroadcastExample.app; sourceTree = BUILT_PRODUCTS_DIR; };
		E8C1601E28100A6000995934 /* AppDelegate.swift */ = {isa = PBXFileReference; lastKnownFileType = sourcecode.swift; path = AppDelegate.swift; sourceTree = "<group>"; };
		E8C1602028100A6000995934 /* SceneDelegate.swift */ = {isa = PBXFileReference; lastKnownFileType = sourcecode.swift; path = SceneDelegate.swift; sourceTree = "<group>"; };
		E8C1602228100A6000995934 /* ViewController.swift */ = {isa = PBXFileReference; lastKnownFileType = sourcecode.swift; path = ViewController.swift; sourceTree = "<group>"; };
		E8C1602528100A6000995934 /* Base */ = {isa = PBXFileReference; lastKnownFileType = file.storyboard; name = Base; path = Base.lproj/Main.storyboard; sourceTree = "<group>"; };
		E8C1602728100A6300995934 /* Assets.xcassets */ = {isa = PBXFileReference; lastKnownFileType = folder.assetcatalog; path = Assets.xcassets; sourceTree = "<group>"; };
		E8C1602A28100A6300995934 /* Base */ = {isa = PBXFileReference; lastKnownFileType = file.storyboard; name = Base; path = Base.lproj/LaunchScreen.storyboard; sourceTree = "<group>"; };
		E8C1602C28100A6300995934 /* Info.plist */ = {isa = PBXFileReference; lastKnownFileType = text.plist.xml; path = Info.plist; sourceTree = "<group>"; };
		E8C1603628100B3000995934 /* BroadcastExtension.appex */ = {isa = PBXFileReference; explicitFileType = "wrapper.app-extension"; includeInIndex = 0; path = BroadcastExtension.appex; sourceTree = BUILT_PRODUCTS_DIR; };
		E8C1603828100B3000995934 /* ReplayKit.framework */ = {isa = PBXFileReference; lastKnownFileType = wrapper.framework; name = ReplayKit.framework; path = System/Library/Frameworks/ReplayKit.framework; sourceTree = SDKROOT; };
		E8C1603B28100B3000995934 /* SampleHandler.swift */ = {isa = PBXFileReference; lastKnownFileType = sourcecode.swift; path = SampleHandler.swift; sourceTree = "<group>"; };
		E8C1603D28100B3000995934 /* Info.plist */ = {isa = PBXFileReference; lastKnownFileType = text.plist.xml; path = Info.plist; sourceTree = "<group>"; };
		E910E7FD9351FE66AF646D3D /* Pods-BroadcastExample.debug.xcconfig */ = {isa = PBXFileReference; includeInIndex = 1; lastKnownFileType = text.xcconfig; name = "Pods-BroadcastExample.debug.xcconfig"; path = "Target Support Files/Pods-BroadcastExample/Pods-BroadcastExample.debug.xcconfig"; sourceTree = "<group>"; };
/* End PBXFileReference section */

/* Begin PBXFrameworksBuildPhase section */
		E8C1601828100A6000995934 /* Frameworks */ = {
			isa = PBXFrameworksBuildPhase;
			buildActionMask = 2147483647;
			files = (
				E8C1604528100E4800995934 /* ReplayKit.framework in Frameworks */,
				C1B52909E728DAE2ECBFD777 /* Pods_BroadcastExample.framework in Frameworks */,
			);
			runOnlyForDeploymentPostprocessing = 0;
		};
		E8C1603328100B3000995934 /* Frameworks */ = {
			isa = PBXFrameworksBuildPhase;
			buildActionMask = 2147483647;
			files = (
				E8C1603928100B3000995934 /* ReplayKit.framework in Frameworks */,
				E6B4BB96C60E8C27C5240866 /* Pods_BroadcastExtension.framework in Frameworks */,
			);
			runOnlyForDeploymentPostprocessing = 0;
		};
/* End PBXFrameworksBuildPhase section */

/* Begin PBXGroup section */
		A69DA4D51D6B2C491785FA52 /* Pods */ = {
			isa = PBXGroup;
			children = (
				E910E7FD9351FE66AF646D3D /* Pods-BroadcastExample.debug.xcconfig */,
				BEB5680E864D3B6615442D54 /* Pods-BroadcastExample.release.xcconfig */,
				5DF5E23BBD87D3D71E8209F3 /* Pods-BroadcastExtension.debug.xcconfig */,
				C899E444261561C88AB25FB8 /* Pods-BroadcastExtension.release.xcconfig */,
			);
			name = Pods;
			path = Pods;
			sourceTree = "<group>";
		};
		E8C1601228100A6000995934 = {
			isa = PBXGroup;
			children = (
				E8C1601D28100A6000995934 /* BroadcastExample */,
				E8C1603A28100B3000995934 /* BroadcastExtension */,
				E8C1603728100B3000995934 /* Frameworks */,
				E8C1601C28100A6000995934 /* Products */,
				A69DA4D51D6B2C491785FA52 /* Pods */,
			);
			sourceTree = "<group>";
		};
		E8C1601C28100A6000995934 /* Products */ = {
			isa = PBXGroup;
			children = (
				E8C1601B28100A6000995934 /* BroadcastExample.app */,
				E8C1603628100B3000995934 /* BroadcastExtension.appex */,
			);
			name = Products;
			sourceTree = "<group>";
		};
		E8C1601D28100A6000995934 /* BroadcastExample */ = {
			isa = PBXGroup;
			children = (
				E8C1601E28100A6000995934 /* AppDelegate.swift */,
				E8C1602028100A6000995934 /* SceneDelegate.swift */,
				E8C1602228100A6000995934 /* ViewController.swift */,
				E8C1602428100A6000995934 /* Main.storyboard */,
				E8C1602728100A6300995934 /* Assets.xcassets */,
				E8C1602928100A6300995934 /* LaunchScreen.storyboard */,
				E8C1602C28100A6300995934 /* Info.plist */,
			);
			path = BroadcastExample;
			sourceTree = "<group>";
		};
		E8C1603728100B3000995934 /* Frameworks */ = {
			isa = PBXGroup;
			children = (
				E8C1603828100B3000995934 /* ReplayKit.framework */,
				5E8DF24F64614A6E8C3545D2 /* Pods_BroadcastExample.framework */,
				C5A83A16CBCBAEBB4E652C7B /* Pods_BroadcastExtension.framework */,
			);
			name = Frameworks;
			sourceTree = "<group>";
		};
		E8C1603A28100B3000995934 /* BroadcastExtension */ = {
			isa = PBXGroup;
			children = (
				E8C1603B28100B3000995934 /* SampleHandler.swift */,
				E8C1603D28100B3000995934 /* Info.plist */,
			);
			path = BroadcastExtension;
			sourceTree = "<group>";
		};
/* End PBXGroup section */

/* Begin PBXNativeTarget section */
		E8C1601A28100A6000995934 /* BroadcastExample */ = {
			isa = PBXNativeTarget;
			buildConfigurationList = E8C1602F28100A6300995934 /* Build configuration list for PBXNativeTarget "BroadcastExample" */;
			buildPhases = (
				F59703578DDD49F222BF8696 /* [CP] Check Pods Manifest.lock */,
				E8C1601728100A6000995934 /* Sources */,
				E8C1601828100A6000995934 /* Frameworks */,
				E8C1601928100A6000995934 /* Resources */,
				E8C1604428100B3000995934 /* Embed App Extensions */,
			);
			buildRules = (
			);
			dependencies = (
				E8C1603F28100B3000995934 /* PBXTargetDependency */,
			);
			name = BroadcastExample;
			productName = BroadcastExample;
			productReference = E8C1601B28100A6000995934 /* BroadcastExample.app */;
			productType = "com.apple.product-type.application";
		};
		E8C1603528100B3000995934 /* BroadcastExtension */ = {
			isa = PBXNativeTarget;
			buildConfigurationList = E8C1604128100B3000995934 /* Build configuration list for PBXNativeTarget "BroadcastExtension" */;
			buildPhases = (
				2B1DC92A81E885C602FCF446 /* [CP] Check Pods Manifest.lock */,
				E8C1603228100B3000995934 /* Sources */,
				E8C1603328100B3000995934 /* Frameworks */,
				E8C1603428100B3000995934 /* Resources */,
			);
			buildRules = (
			);
			dependencies = (
			);
			name = BroadcastExtension;
			productName = BroadcastExtension;
			productReference = E8C1603628100B3000995934 /* BroadcastExtension.appex */;
			productType = "com.apple.product-type.app-extension";
		};
/* End PBXNativeTarget section */

/* Begin PBXProject section */
		E8C1601328100A6000995934 /* Project object */ = {
			isa = PBXProject;
			attributes = {
				BuildIndependentTargetsInParallel = 1;
				LastSwiftUpdateCheck = 1330;
				LastUpgradeCheck = 1330;
				TargetAttributes = {
					E8C1601A28100A6000995934 = {
						CreatedOnToolsVersion = 13.3;
					};
					E8C1603528100B3000995934 = {
						CreatedOnToolsVersion = 13.3;
					};
				};
			};
			buildConfigurationList = E8C1601628100A6000995934 /* Build configuration list for PBXProject "BroadcastExample" */;
			compatibilityVersion = "Xcode 13.0";
			developmentRegion = en;
			hasScannedForEncodings = 0;
			knownRegions = (
				en,
				Base,
			);
			mainGroup = E8C1601228100A6000995934;
			productRefGroup = E8C1601C28100A6000995934 /* Products */;
			projectDirPath = "";
			projectRoot = "";
			targets = (
				E8C1601A28100A6000995934 /* BroadcastExample */,
				E8C1603528100B3000995934 /* BroadcastExtension */,
			);
		};
/* End PBXProject section */

/* Begin PBXResourcesBuildPhase section */
		E8C1601928100A6000995934 /* Resources */ = {
			isa = PBXResourcesBuildPhase;
			buildActionMask = 2147483647;
			files = (
				E8C1602B28100A6300995934 /* LaunchScreen.storyboard in Resources */,
				E8C1602828100A6300995934 /* Assets.xcassets in Resources */,
				E8C1602628100A6000995934 /* Main.storyboard in Resources */,
			);
			runOnlyForDeploymentPostprocessing = 0;
		};
		E8C1603428100B3000995934 /* Resources */ = {
			isa = PBXResourcesBuildPhase;
			buildActionMask = 2147483647;
			files = (
			);
			runOnlyForDeploymentPostprocessing = 0;
		};
/* End PBXResourcesBuildPhase section */

/* Begin PBXShellScriptBuildPhase section */
		2B1DC92A81E885C602FCF446 /* [CP] Check Pods Manifest.lock */ = {
			isa = PBXShellScriptBuildPhase;
			buildActionMask = 2147483647;
			files = (
			);
			inputFileListPaths = (
			);
			inputPaths = (
				"${PODS_PODFILE_DIR_PATH}/Podfile.lock",
				"${PODS_ROOT}/Manifest.lock",
			);
			name = "[CP] Check Pods Manifest.lock";
			outputFileListPaths = (
			);
			outputPaths = (
				"$(DERIVED_FILE_DIR)/Pods-BroadcastExtension-checkManifestLockResult.txt",
			);
			runOnlyForDeploymentPostprocessing = 0;
			shellPath = /bin/sh;
			shellScript = "diff \"${PODS_PODFILE_DIR_PATH}/Podfile.lock\" \"${PODS_ROOT}/Manifest.lock\" > /dev/null\nif [ $? != 0 ] ; then\n    # print error to STDERR\n    echo \"error: The sandbox is not in sync with the Podfile.lock. Run 'pod install' or update your CocoaPods installation.\" >&2\n    exit 1\nfi\n# This output is used by Xcode 'outputs' to avoid re-running this script phase.\necho \"SUCCESS\" > \"${SCRIPT_OUTPUT_FILE_0}\"\n";
			showEnvVarsInLog = 0;
		};
		F59703578DDD49F222BF8696 /* [CP] Check Pods Manifest.lock */ = {
			isa = PBXShellScriptBuildPhase;
			buildActionMask = 2147483647;
			files = (
			);
			inputFileListPaths = (
			);
			inputPaths = (
				"${PODS_PODFILE_DIR_PATH}/Podfile.lock",
				"${PODS_ROOT}/Manifest.lock",
			);
			name = "[CP] Check Pods Manifest.lock";
			outputFileListPaths = (
			);
			outputPaths = (
				"$(DERIVED_FILE_DIR)/Pods-BroadcastExample-checkManifestLockResult.txt",
			);
			runOnlyForDeploymentPostprocessing = 0;
			shellPath = /bin/sh;
			shellScript = "diff \"${PODS_PODFILE_DIR_PATH}/Podfile.lock\" \"${PODS_ROOT}/Manifest.lock\" > /dev/null\nif [ $? != 0 ] ; then\n    # print error to STDERR\n    echo \"error: The sandbox is not in sync with the Podfile.lock. Run 'pod install' or update your CocoaPods installation.\" >&2\n    exit 1\nfi\n# This output is used by Xcode 'outputs' to avoid re-running this script phase.\necho \"SUCCESS\" > \"${SCRIPT_OUTPUT_FILE_0}\"\n";
			showEnvVarsInLog = 0;
		};
/* End PBXShellScriptBuildPhase section */

/* Begin PBXSourcesBuildPhase section */
		E8C1601728100A6000995934 /* Sources */ = {
			isa = PBXSourcesBuildPhase;
			buildActionMask = 2147483647;
			files = (
				E8C1602328100A6000995934 /* ViewController.swift in Sources */,
				E8C1601F28100A6000995934 /* AppDelegate.swift in Sources */,
				E8C1602128100A6000995934 /* SceneDelegate.swift in Sources */,
			);
			runOnlyForDeploymentPostprocessing = 0;
		};
		E8C1603228100B3000995934 /* Sources */ = {
			isa = PBXSourcesBuildPhase;
			buildActionMask = 2147483647;
			files = (
				E8C1603C28100B3000995934 /* SampleHandler.swift in Sources */,
			);
			runOnlyForDeploymentPostprocessing = 0;
		};
/* End PBXSourcesBuildPhase section */

/* Begin PBXTargetDependency section */
		E8C1603F28100B3000995934 /* PBXTargetDependency */ = {
			isa = PBXTargetDependency;
			target = E8C1603528100B3000995934 /* BroadcastExtension */;
			targetProxy = E8C1603E28100B3000995934 /* PBXContainerItemProxy */;
		};
/* End PBXTargetDependency section */

/* Begin PBXVariantGroup section */
		E8C1602428100A6000995934 /* Main.storyboard */ = {
			isa = PBXVariantGroup;
			children = (
				E8C1602528100A6000995934 /* Base */,
			);
			name = Main.storyboard;
			sourceTree = "<group>";
		};
		E8C1602928100A6300995934 /* LaunchScreen.storyboard */ = {
			isa = PBXVariantGroup;
			children = (
				E8C1602A28100A6300995934 /* Base */,
			);
			name = LaunchScreen.storyboard;
			sourceTree = "<group>";
		};
/* End PBXVariantGroup section */

/* Begin XCBuildConfiguration section */
		E8C1602D28100A6300995934 /* Debug */ = {
			isa = XCBuildConfiguration;
			buildSettings = {
				ALWAYS_SEARCH_USER_PATHS = NO;
				CLANG_ANALYZER_NONNULL = YES;
				CLANG_ANALYZER_NUMBER_OBJECT_CONVERSION = YES_AGGRESSIVE;
				CLANG_CXX_LANGUAGE_STANDARD = "gnu++17";
				CLANG_ENABLE_MODULES = YES;
				CLANG_ENABLE_OBJC_ARC = YES;
				CLANG_ENABLE_OBJC_WEAK = YES;
				CLANG_WARN_BLOCK_CAPTURE_AUTORELEASING = YES;
				CLANG_WARN_BOOL_CONVERSION = YES;
				CLANG_WARN_COMMA = YES;
				CLANG_WARN_CONSTANT_CONVERSION = YES;
				CLANG_WARN_DEPRECATED_OBJC_IMPLEMENTATIONS = YES;
				CLANG_WARN_DIRECT_OBJC_ISA_USAGE = YES_ERROR;
				CLANG_WARN_DOCUMENTATION_COMMENTS = YES;
				CLANG_WARN_EMPTY_BODY = YES;
				CLANG_WARN_ENUM_CONVERSION = YES;
				CLANG_WARN_INFINITE_RECURSION = YES;
				CLANG_WARN_INT_CONVERSION = YES;
				CLANG_WARN_NON_LITERAL_NULL_CONVERSION = YES;
				CLANG_WARN_OBJC_IMPLICIT_RETAIN_SELF = YES;
				CLANG_WARN_OBJC_LITERAL_CONVERSION = YES;
				CLANG_WARN_OBJC_ROOT_CLASS = YES_ERROR;
				CLANG_WARN_QUOTED_INCLUDE_IN_FRAMEWORK_HEADER = YES;
				CLANG_WARN_RANGE_LOOP_ANALYSIS = YES;
				CLANG_WARN_STRICT_PROTOTYPES = YES;
				CLANG_WARN_SUSPICIOUS_MOVE = YES;
				CLANG_WARN_UNGUARDED_AVAILABILITY = YES_AGGRESSIVE;
				CLANG_WARN_UNREACHABLE_CODE = YES;
				CLANG_WARN__DUPLICATE_METHOD_MATCH = YES;
				COPY_PHASE_STRIP = NO;
				DEBUG_INFORMATION_FORMAT = dwarf;
				ENABLE_STRICT_OBJC_MSGSEND = YES;
				ENABLE_TESTABILITY = YES;
				GCC_C_LANGUAGE_STANDARD = gnu11;
				GCC_DYNAMIC_NO_PIC = NO;
				GCC_NO_COMMON_BLOCKS = YES;
				GCC_OPTIMIZATION_LEVEL = 0;
				GCC_PREPROCESSOR_DEFINITIONS = (
					"DEBUG=1",
					"$(inherited)",
				);
				GCC_WARN_64_TO_32_BIT_CONVERSION = YES;
				GCC_WARN_ABOUT_RETURN_TYPE = YES_ERROR;
				GCC_WARN_UNDECLARED_SELECTOR = YES;
				GCC_WARN_UNINITIALIZED_AUTOS = YES_AGGRESSIVE;
				GCC_WARN_UNUSED_FUNCTION = YES;
				GCC_WARN_UNUSED_VARIABLE = YES;
				IPHONEOS_DEPLOYMENT_TARGET = 15.4;
				MTL_ENABLE_DEBUG_INFO = INCLUDE_SOURCE;
				MTL_FAST_MATH = YES;
				ONLY_ACTIVE_ARCH = YES;
				SDKROOT = iphoneos;
				SWIFT_ACTIVE_COMPILATION_CONDITIONS = DEBUG;
				SWIFT_OPTIMIZATION_LEVEL = "-Onone";
			};
			name = Debug;
		};
		E8C1602E28100A6300995934 /* Release */ = {
			isa = XCBuildConfiguration;
			buildSettings = {
				ALWAYS_SEARCH_USER_PATHS = NO;
				CLANG_ANALYZER_NONNULL = YES;
				CLANG_ANALYZER_NUMBER_OBJECT_CONVERSION = YES_AGGRESSIVE;
				CLANG_CXX_LANGUAGE_STANDARD = "gnu++17";
				CLANG_ENABLE_MODULES = YES;
				CLANG_ENABLE_OBJC_ARC = YES;
				CLANG_ENABLE_OBJC_WEAK = YES;
				CLANG_WARN_BLOCK_CAPTURE_AUTORELEASING = YES;
				CLANG_WARN_BOOL_CONVERSION = YES;
				CLANG_WARN_COMMA = YES;
				CLANG_WARN_CONSTANT_CONVERSION = YES;
				CLANG_WARN_DEPRECATED_OBJC_IMPLEMENTATIONS = YES;
				CLANG_WARN_DIRECT_OBJC_ISA_USAGE = YES_ERROR;
				CLANG_WARN_DOCUMENTATION_COMMENTS = YES;
				CLANG_WARN_EMPTY_BODY = YES;
				CLANG_WARN_ENUM_CONVERSION = YES;
				CLANG_WARN_INFINITE_RECURSION = YES;
				CLANG_WARN_INT_CONVERSION = YES;
				CLANG_WARN_NON_LITERAL_NULL_CONVERSION = YES;
				CLANG_WARN_OBJC_IMPLICIT_RETAIN_SELF = YES;
				CLANG_WARN_OBJC_LITERAL_CONVERSION = YES;
				CLANG_WARN_OBJC_ROOT_CLASS = YES_ERROR;
				CLANG_WARN_QUOTED_INCLUDE_IN_FRAMEWORK_HEADER = YES;
				CLANG_WARN_RANGE_LOOP_ANALYSIS = YES;
				CLANG_WARN_STRICT_PROTOTYPES = YES;
				CLANG_WARN_SUSPICIOUS_MOVE = YES;
				CLANG_WARN_UNGUARDED_AVAILABILITY = YES_AGGRESSIVE;
				CLANG_WARN_UNREACHABLE_CODE = YES;
				CLANG_WARN__DUPLICATE_METHOD_MATCH = YES;
				COPY_PHASE_STRIP = NO;
				DEBUG_INFORMATION_FORMAT = "dwarf-with-dsym";
				ENABLE_NS_ASSERTIONS = NO;
				ENABLE_STRICT_OBJC_MSGSEND = YES;
				GCC_C_LANGUAGE_STANDARD = gnu11;
				GCC_NO_COMMON_BLOCKS = YES;
				GCC_WARN_64_TO_32_BIT_CONVERSION = YES;
				GCC_WARN_ABOUT_RETURN_TYPE = YES_ERROR;
				GCC_WARN_UNDECLARED_SELECTOR = YES;
				GCC_WARN_UNINITIALIZED_AUTOS = YES_AGGRESSIVE;
				GCC_WARN_UNUSED_FUNCTION = YES;
				GCC_WARN_UNUSED_VARIABLE = YES;
				IPHONEOS_DEPLOYMENT_TARGET = 15.4;
				MTL_ENABLE_DEBUG_INFO = NO;
				MTL_FAST_MATH = YES;
				SDKROOT = iphoneos;
				SWIFT_COMPILATION_MODE = wholemodule;
				SWIFT_OPTIMIZATION_LEVEL = "-O";
				VALIDATE_PRODUCT = YES;
			};
			name = Release;
		};
		E8C1603028100A6300995934 /* Debug */ = {
			isa = XCBuildConfiguration;
			baseConfigurationReference = E910E7FD9351FE66AF646D3D /* Pods-BroadcastExample.debug.xcconfig */;
			buildSettings = {
				ALWAYS_EMBED_SWIFT_STANDARD_LIBRARIES = YES;
				ASSETCATALOG_COMPILER_APPICON_NAME = AppIcon;
				ASSETCATALOG_COMPILER_GLOBAL_ACCENT_COLOR_NAME = AccentColor;
				CODE_SIGN_STYLE = Automatic;
				CURRENT_PROJECT_VERSION = 1;
				DEVELOPMENT_TEAM = C2HGX78UB7;
				GENERATE_INFOPLIST_FILE = YES;
				INFOPLIST_FILE = BroadcastExample/Info.plist;
				INFOPLIST_KEY_UIApplicationSupportsIndirectInputEvents = YES;
				INFOPLIST_KEY_UILaunchStoryboardName = LaunchScreen;
				INFOPLIST_KEY_UIMainStoryboardFile = Main;
				INFOPLIST_KEY_UISupportedInterfaceOrientations_iPad = "UIInterfaceOrientationPortrait UIInterfaceOrientationPortraitUpsideDown UIInterfaceOrientationLandscapeLeft UIInterfaceOrientationLandscapeRight";
				INFOPLIST_KEY_UISupportedInterfaceOrientations_iPhone = "UIInterfaceOrientationPortrait UIInterfaceOrientationLandscapeLeft UIInterfaceOrientationLandscapeRight";
				IPHONEOS_DEPLOYMENT_TARGET = 15.0;
				LD_RUNPATH_SEARCH_PATHS = (
					"$(inherited)",
					"@executable_path/Frameworks",
				);
				MARKETING_VERSION = 1.0;
				PRODUCT_BUNDLE_IDENTIFIER = com.broadcast.example;
				PRODUCT_NAME = "$(TARGET_NAME)";
				SWIFT_EMIT_LOC_STRINGS = YES;
				SWIFT_VERSION = 5.0;
				TARGETED_DEVICE_FAMILY = 1;
			};
			name = Debug;
		};
		E8C1603128100A6300995934 /* Release */ = {
			isa = XCBuildConfiguration;
			baseConfigurationReference = BEB5680E864D3B6615442D54 /* Pods-BroadcastExample.release.xcconfig */;
			buildSettings = {
				ALWAYS_EMBED_SWIFT_STANDARD_LIBRARIES = YES;
				ASSETCATALOG_COMPILER_APPICON_NAME = AppIcon;
				ASSETCATALOG_COMPILER_GLOBAL_ACCENT_COLOR_NAME = AccentColor;
				CODE_SIGN_STYLE = Automatic;
				CURRENT_PROJECT_VERSION = 1;
				DEVELOPMENT_TEAM = C2HGX78UB7;
				GENERATE_INFOPLIST_FILE = YES;
				INFOPLIST_FILE = BroadcastExample/Info.plist;
				INFOPLIST_KEY_UIApplicationSupportsIndirectInputEvents = YES;
				INFOPLIST_KEY_UILaunchStoryboardName = LaunchScreen;
				INFOPLIST_KEY_UIMainStoryboardFile = Main;
				INFOPLIST_KEY_UISupportedInterfaceOrientations_iPad = "UIInterfaceOrientationPortrait UIInterfaceOrientationPortraitUpsideDown UIInterfaceOrientationLandscapeLeft UIInterfaceOrientationLandscapeRight";
				INFOPLIST_KEY_UISupportedInterfaceOrientations_iPhone = "UIInterfaceOrientationPortrait UIInterfaceOrientationLandscapeLeft UIInterfaceOrientationLandscapeRight";
				IPHONEOS_DEPLOYMENT_TARGET = 15.0;
				LD_RUNPATH_SEARCH_PATHS = (
					"$(inherited)",
					"@executable_path/Frameworks",
				);
				MARKETING_VERSION = 1.0;
				PRODUCT_BUNDLE_IDENTIFIER = com.broadcast.example;
				PRODUCT_NAME = "$(TARGET_NAME)";
				SWIFT_EMIT_LOC_STRINGS = YES;
				SWIFT_VERSION = 5.0;
				TARGETED_DEVICE_FAMILY = 1;
			};
			name = Release;
		};
		E8C1604228100B3000995934 /* Debug */ = {
			isa = XCBuildConfiguration;
			baseConfigurationReference = 5DF5E23BBD87D3D71E8209F3 /* Pods-BroadcastExtension.debug.xcconfig */;
			buildSettings = {
				CODE_SIGN_STYLE = Automatic;
				CURRENT_PROJECT_VERSION = 1;
				DEVELOPMENT_TEAM = C2HGX78UB7;
				GENERATE_INFOPLIST_FILE = YES;
				INFOPLIST_FILE = BroadcastExtension/Info.plist;
				INFOPLIST_KEY_CFBundleDisplayName = BroadcastExtension;
				INFOPLIST_KEY_NSHumanReadableCopyright = "";
				IPHONEOS_DEPLOYMENT_TARGET = 15.0;
				LD_RUNPATH_SEARCH_PATHS = (
					"$(inherited)",
					"@executable_path/Frameworks",
					"@executable_path/../../Frameworks",
				);
				MARKETING_VERSION = 1.0;
				PRODUCT_BUNDLE_IDENTIFIER = com.broadcast.example.BroadcastExtension;
				PRODUCT_NAME = "$(TARGET_NAME)";
				SKIP_INSTALL = YES;
				SWIFT_EMIT_LOC_STRINGS = YES;
				SWIFT_VERSION = 5.0;
				TARGETED_DEVICE_FAMILY = 1;
			};
			name = Debug;
		};
		E8C1604328100B3000995934 /* Release */ = {
			isa = XCBuildConfiguration;
			baseConfigurationReference = C899E444261561C88AB25FB8 /* Pods-BroadcastExtension.release.xcconfig */;
			buildSettings = {
				CODE_SIGN_STYLE = Automatic;
				CURRENT_PROJECT_VERSION = 1;
				DEVELOPMENT_TEAM = C2HGX78UB7;
				GENERATE_INFOPLIST_FILE = YES;
				INFOPLIST_FILE = BroadcastExtension/Info.plist;
				INFOPLIST_KEY_CFBundleDisplayName = BroadcastExtension;
				INFOPLIST_KEY_NSHumanReadableCopyright = "";
				IPHONEOS_DEPLOYMENT_TARGET = 15.0;
				LD_RUNPATH_SEARCH_PATHS = (
					"$(inherited)",
					"@executable_path/Frameworks",
					"@executable_path/../../Frameworks",
				);
				MARKETING_VERSION = 1.0;
				PRODUCT_BUNDLE_IDENTIFIER = com.broadcast.example.BroadcastExtension;
				PRODUCT_NAME = "$(TARGET_NAME)";
				SKIP_INSTALL = YES;
				SWIFT_EMIT_LOC_STRINGS = YES;
				SWIFT_VERSION = 5.0;
				TARGETED_DEVICE_FAMILY = 1;
			};
			name = Release;
		};
/* End XCBuildConfiguration section */

/* Begin XCConfigurationList section */
		E8C1601628100A6000995934 /* Build configuration list for PBXProject "BroadcastExample" */ = {
			isa = XCConfigurationList;
			buildConfigurations = (
				E8C1602D28100A6300995934 /* Debug */,
				E8C1602E28100A6300995934 /* Release */,
			);
			defaultConfigurationIsVisible = 0;
			defaultConfigurationName = Release;
		};
		E8C1602F28100A6300995934 /* Build configuration list for PBXNativeTarget "BroadcastExample" */ = {
			isa = XCConfigurationList;
			buildConfigurations = (
				E8C1603028100A6300995934 /* Debug */,
				E8C1603128100A6300995934 /* Release */,
			);
			defaultConfigurationIsVisible = 0;
			defaultConfigurationName = Release;
		};
		E8C1604128100B3000995934 /* Build configuration list for PBXNativeTarget "BroadcastExtension" */ = {
			isa = XCConfigurationList;
			buildConfigurations = (
				E8C1604228100B3000995934 /* Debug */,
				E8C1604328100B3000995934 /* Release */,
			);
			defaultConfigurationIsVisible = 0;
			defaultConfigurationName = Release;
		};
/* End XCConfigurationList section */
	};
	rootObject = E8C1601328100A6000995934 /* Project object */;
}
